
Microsoft Visual Studio Solution File, Format Version 12.00
# Visual Studio Version 17
VisualStudioVersion = 17.5.002.0
MinimumVisualStudioVersion = 10.0.40219.1
Project("{9A19103F-16F7-4668-BE54-9A1E7A4F7556}") = "hw1", "hw1.csproj", "{A2752027-188D-4CCA-BEFD-43C0E09002A5}"
EndProject
Global
	GlobalSection(SolutionConfigurationPlatforms) = preSolution
		Debug|Any CPU = Debug|Any CPU
		Release|Any CPU = Release|Any CPU
	EndGlobalSection
	GlobalSection(ProjectConfigurationPlatforms) = postSolution
		{A2752027-188D-4CCA-BEFD-43C0E09002A5}.Debug|Any CPU.ActiveCfg = Debug|Any CPU
		{A2752027-188D-4CCA-BEFD-43C0E09002A5}.Debug|Any CPU.Build.0 = Debug|Any CPU
		{A2752027-188D-4CCA-BEFD-43C0E09002A5}.Release|Any CPU.ActiveCfg = Release|Any CPU
		{A2752027-188D-4CCA-BEFD-43C0E09002A5}.Release|Any CPU.Build.0 = Release|Any CPU
	EndGlobalSection
	GlobalSection(SolutionProperties) = preSolution
		HideSolutionNode = FALSE
	EndGlobalSection
	GlobalSection(ExtensibilityGlobals) = postSolution
		SolutionGuid = {08BAF07A-8322-4055-9801-A71714C2B0C0}
	EndGlobalSection
EndGlobal
